// !$*UTF8*$!
{
	archiveVersion = 1;
	classes = {
	};
	objectVersion = 77;
	objects = {

/* Begin PBXBuildFile section */
/* End PBXBuildFile section */

/* Begin PBXContainerItemProxy section */
		D8C4C2022D345CE90093AB00 /* PBXContainerItemProxy */ = {
			isa = PBXContainerItemProxy;
			containerPortal = D8C4C1E92D345CE50093AB00 /* Project object */;
			proxyType = 1;
			remoteGlobalIDString = D8C4C1F02D345CE50093AB00;
			remoteInfo = Facett;
		};
		D8C4C20C2D345CE90093AB00 /* PBXContainerItemProxy */ = {
			isa = PBXContainerItemProxy;
			containerPortal = D8C4C1E92D345CE50093AB00 /* Project object */;
			proxyType = 1;
			remoteGlobalIDString = D8C4C1F02D345CE50093AB00;
			remoteInfo = Facett;
		};
/* End PBXContainerItemProxy section */

/* Begin PBXFileReference section */
		D8C4C1F12D345CE50093AB00 /* Facett.app */ = {isa = PBXFileReference; explicitFileType = wrapper.application; includeInIndex = 0; path = Facett.app; sourceTree = BUILT_PRODUCTS_DIR; };
		D8C4C2012D345CE90093AB00 /* FacettTests.xctest */ = {isa = PBXFileReference; explicitFileType = wrapper.cfbundle; includeInIndex = 0; path = FacettTests.xctest; sourceTree = BUILT_PRODUCTS_DIR; };
		D8C4C20B2D345CE90093AB00 /* FacettUITests.xctest */ = {isa = PBXFileReference; explicitFileType = wrapper.cfbundle; includeInIndex = 0; path = FacettUITests.xctest; sourceTree = BUILT_PRODUCTS_DIR; };
/* End PBXFileReference section */

/* Begin PBXFileSystemSynchronizedBuildFileExceptionSet section */
		D8C4C2332D34630A0093AB00 /* Exceptions for "Facett" folder in "Facett" target */ = {
			isa = PBXFileSystemSynchronizedBuildFileExceptionSet;
			membershipExceptions = (
				Info.plist,
			);
			target = D8C4C1F02D345CE50093AB00 /* Facett */;
		};
/* End PBXFileSystemSynchronizedBuildFileExceptionSet section */

/* Begin PBXFileSystemSynchronizedRootGroup section */
		D8C4C1F32D345CE50093AB00 /* Facett */ = {
			isa = PBXFileSystemSynchronizedRootGroup;
			exceptions = (
				D8C4C2332D34630A0093AB00 /* Exceptions for "Facett" folder in "Facett" target */,
			);
			path = Facett;
			sourceTree = "<group>";
		};
		D8C4C2042D345CE90093AB00 /* FacettTests */ = {
			isa = PBXFileSystemSynchronizedRootGroup;
			path = FacettTests;
			sourceTree = "<group>";
		};
		D8C4C20E2D345CE90093AB00 /* FacettUITests */ = {
			isa = PBXFileSystemSynchronizedRootGroup;
			path = FacettUITests;
			sourceTree = "<group>";
		};
/* End PBXFileSystemSynchronizedRootGroup section */

/* Begin PBXFrameworksBuildPhase section */
		D8C4C1EE2D345CE50093AB00 /* Frameworks */ = {
			isa = PBXFrameworksBuildPhase;
			buildActionMask = 2147483647;
			files = (
			);
			runOnlyForDeploymentPostprocessing = 0;
		};
		D8C4C1FE2D345CE90093AB00 /* Frameworks */ = {
			isa = PBXFrameworksBuildPhase;
			buildActionMask = 2147483647;
			files = (
			);
			runOnlyForDeploymentPostprocessing = 0;
		};
		D8C4C2082D345CE90093AB00 /* Frameworks */ = {
			isa = PBXFrameworksBuildPhase;
			buildActionMask = 2147483647;
			files = (
			);
			runOnlyForDeploymentPostprocessing = 0;
		};
/* End PBXFrameworksBuildPhase section */

/* Begin PBXGroup section */
		D8C4C1E82D345CE50093AB00 = {
			isa = PBXGroup;
			children = (
				D8C4C1F32D345CE50093AB00 /* Facett */,
				D8C4C2042D345CE90093AB00 /* FacettTests */,
				D8C4C20E2D345CE90093AB00 /* FacettUITests */,
				D8C4C1F22D345CE50093AB00 /* Products */,
			);
			sourceTree = "<group>";
		};
		D8C4C1F22D345CE50093AB00 /* Products */ = {
			isa = PBXGroup;
			children = (
				D8C4C1F12D345CE50093AB00 /* Facett.app */,
				D8C4C2012D345CE90093AB00 /* FacettTests.xctest */,
				D8C4C20B2D345CE90093AB00 /* FacettUITests.xctest */,
			);
			name = Products;
			sourceTree = "<group>";
		};
/* End PBXGroup section */

/* Begin PBXNativeTarget section */
		D8C4C1F02D345CE50093AB00 /* Facett */ = {
			isa = PBXNativeTarget;
			buildConfigurationList = D8C4C2152D345CE90093AB00 /* Build configuration list for PBXNativeTarget "Facett" */;
			buildPhases = (
				D8C4C1ED2D345CE50093AB00 /* Sources */,
				D8C4C1EE2D345CE50093AB00 /* Frameworks */,
				D8C4C1EF2D345CE50093AB00 /* Resources */,
			);
			buildRules = (
			);
			dependencies = (
			);
			fileSystemSynchronizedGroups = (
				D8C4C1F32D345CE50093AB00 /* Facett */,
			);
			name = Facett;
			packageProductDependencies = (
			);
			productName = Facett;
			productReference = D8C4C1F12D345CE50093AB00 /* Facett.app */;
			productType = "com.apple.product-type.application";
		};
		D8C4C2002D345CE90093AB00 /* FacettTests */ = {
			isa = PBXNativeTarget;
			buildConfigurationList = D8C4C2182D345CE90093AB00 /* Build configuration list for PBXNativeTarget "FacettTests" */;
			buildPhases = (
				D8C4C1FD2D345CE90093AB00 /* Sources */,
				D8C4C1FE2D345CE90093AB00 /* Frameworks */,
				D8C4C1FF2D345CE90093AB00 /* Resources */,
			);
			buildRules = (
			);
			dependencies = (
				D8C4C2032D345CE90093AB00 /* PBXTargetDependency */,
			);
			fileSystemSynchronizedGroups = (
				D8C4C2042D345CE90093AB00 /* FacettTests */,
			);
			name = FacettTests;
			packageProductDependencies = (
			);
			productName = FacettTests;
			productReference = D8C4C2012D345CE90093AB00 /* FacettTests.xctest */;
			productType = "com.apple.product-type.bundle.unit-test";
		};
		D8C4C20A2D345CE90093AB00 /* FacettUITests */ = {
			isa = PBXNativeTarget;
			buildConfigurationList = D8C4C21B2D345CE90093AB00 /* Build configuration list for PBXNativeTarget "FacettUITests" */;
			buildPhases = (
				D8C4C2072D345CE90093AB00 /* Sources */,
				D8C4C2082D345CE90093AB00 /* Frameworks */,
				D8C4C2092D345CE90093AB00 /* Resources */,
			);
			buildRules = (
			);
			dependencies = (
				D8C4C20D2D345CE90093AB00 /* PBXTargetDependency */,
			);
			fileSystemSynchronizedGroups = (
				D8C4C20E2D345CE90093AB00 /* FacettUITests */,
			);
			name = FacettUITests;
			packageProductDependencies = (
			);
			productName = FacettUITests;
			productReference = D8C4C20B2D345CE90093AB00 /* FacettUITests.xctest */;
			productType = "com.apple.product-type.bundle.ui-testing";
		};
/* End PBXNativeTarget section */

/* Begin PBXProject section */
		D8C4C1E92D345CE50093AB00 /* Project object */ = {
			isa = PBXProject;
			attributes = {
				BuildIndependentTargetsInParallel = 1;
				LastSwiftUpdateCheck = 1620;
				LastUpgradeCheck = 1620;
				TargetAttributes = {
					D8C4C1F02D345CE50093AB00 = {
						CreatedOnToolsVersion = 16.2;
					};
					D8C4C2002D345CE90093AB00 = {
						CreatedOnToolsVersion = 16.2;
						TestTargetID = D8C4C1F02D345CE50093AB00;
					};
					D8C4C20A2D345CE90093AB00 = {
						CreatedOnToolsVersion = 16.2;
						TestTargetID = D8C4C1F02D345CE50093AB00;
					};
				};
			};
			buildConfigurationList = D8C4C1EC2D345CE50093AB00 /* Build configuration list for PBXProject "Facett" */;
			developmentRegion = en;
			hasScannedForEncodings = 0;
			knownRegions = (
				en,
				Base,
			);
			mainGroup = D8C4C1E82D345CE50093AB00;
			minimizedProjectReferenceProxies = 1;
			packageReferences = (
			);
			preferredProjectObjectVersion = 77;
			productRefGroup = D8C4C1F22D345CE50093AB00 /* Products */;
			projectDirPath = "";
			projectRoot = "";
			targets = (
				D8C4C1F02D345CE50093AB00 /* Facett */,
				D8C4C2002D345CE90093AB00 /* FacettTests */,
				D8C4C20A2D345CE90093AB00 /* FacettUITests */,
			);
		};
/* End PBXProject section */

/* Begin PBXResourcesBuildPhase section */
		D8C4C1EF2D345CE50093AB00 /* Resources */ = {
			isa = PBXResourcesBuildPhase;
			buildActionMask = 2147483647;
			files = (
			);
			runOnlyForDeploymentPostprocessing = 0;
		};
		D8C4C1FF2D345CE90093AB00 /* Resources */ = {
			isa = PBXResourcesBuildPhase;
			buildActionMask = 2147483647;
			files = (
			);
			runOnlyForDeploymentPostprocessing = 0;
		};
		D8C4C2092D345CE90093AB00 /* Resources */ = {
			isa = PBXResourcesBuildPhase;
			buildActionMask = 2147483647;
			files = (
			);
			runOnlyForDeploymentPostprocessing = 0;
		};
/* End PBXResourcesBuildPhase section */

/* Begin PBXSourcesBuildPhase section */
		D8C4C1ED2D345CE50093AB00 /* Sources */ = {
			isa = PBXSourcesBuildPhase;
			buildActionMask = 2147483647;
			files = (
			);
			runOnlyForDeploymentPostprocessing = 0;
		};
		D8C4C1FD2D345CE90093AB00 /* Sources */ = {
			isa = PBXSourcesBuildPhase;
			buildActionMask = 2147483647;
			files = (
			);
			runOnlyForDeploymentPostprocessing = 0;
		};
		D8C4C2072D345CE90093AB00 /* Sources */ = {
			isa = PBXSourcesBuildPhase;
			buildActionMask = 2147483647;
			files = (
			);
			runOnlyForDeploymentPostprocessing = 0;
		};
/* End PBXSourcesBuildPhase section */

/* Begin PBXTargetDependency section */
		D8C4C2032D345CE90093AB00 /* PBXTargetDependency */ = {
			isa = PBXTargetDependency;
			target = D8C4C1F02D345CE50093AB00 /* Facett */;
			targetProxy = D8C4C2022D345CE90093AB00 /* PBXContainerItemProxy */;
		};
		D8C4C20D2D345CE90093AB00 /* PBXTargetDependency */ = {
			isa = PBXTargetDependency;
			target = D8C4C1F02D345CE50093AB00 /* Facett */;
			targetProxy = D8C4C20C2D345CE90093AB00 /* PBXContainerItemProxy */;
		};
/* End PBXTargetDependency section */

/* Begin XCBuildConfiguration section */
		D8C4C2132D345CE90093AB00 /* Debug */ = {
			isa = XCBuildConfiguration;
			buildSettings = {
				ALWAYS_SEARCH_USER_PATHS = NO;
				ASSETCATALOG_COMPILER_GENERATE_SWIFT_ASSET_SYMBOL_EXTENSIONS = YES;
				CLANG_ANALYZER_NONNULL = YES;
				CLANG_ANALYZER_NUMBER_OBJECT_CONVERSION = YES_AGGRESSIVE;
				CLANG_CXX_LANGUAGE_STANDARD = "gnu++20";
				CLANG_ENABLE_MODULES = YES;
				CLANG_ENABLE_OBJC_ARC = YES;
				CLANG_ENABLE_OBJC_WEAK = YES;
				CLANG_WARN_BLOCK_CAPTURE_AUTORELEASING = YES;
				CLANG_WARN_BOOL_CONVERSION = YES;
				CLANG_WARN_COMMA = YES;
				CLANG_WARN_CONSTANT_CONVERSION = YES;
				CLANG_WARN_DEPRECATED_OBJC_IMPLEMENTATIONS = YES;
				CLANG_WARN_DIRECT_OBJC_ISA_USAGE = YES_ERROR;
				CLANG_WARN_DOCUMENTATION_COMMENTS = YES;
				CLANG_WARN_EMPTY_BODY = YES;
				CLANG_WARN_ENUM_CONVERSION = YES;
				CLANG_WARN_INFINITE_RECURSION = YES;
				CLANG_WARN_INT_CONVERSION = YES;
				CLANG_WARN_NON_LITERAL_NULL_CONVERSION = YES;
				CLANG_WARN_OBJC_IMPLICIT_RETAIN_SELF = YES;
				CLANG_WARN_OBJC_LITERAL_CONVERSION = YES;
				CLANG_WARN_OBJC_ROOT_CLASS = YES_ERROR;
				CLANG_WARN_QUOTED_INCLUDE_IN_FRAMEWORK_HEADER = YES;
				CLANG_WARN_RANGE_LOOP_ANALYSIS = YES;
				CLANG_WARN_STRICT_PROTOTYPES = YES;
				CLANG_WARN_SUSPICIOUS_MOVE = YES;
				CLANG_WARN_UNGUARDED_AVAILABILITY = YES_AGGRESSIVE;
				CLANG_WARN_UNREACHABLE_CODE = YES;
				CLANG_WARN__DUPLICATE_METHOD_MATCH = YES;
				COPY_PHASE_STRIP = NO;
				DEBUG_INFORMATION_FORMAT = dwarf;
				ENABLE_STRICT_OBJC_MSGSEND = YES;
				ENABLE_TESTABILITY = YES;
				ENABLE_USER_SCRIPT_SANDBOXING = YES;
				GCC_C_LANGUAGE_STANDARD = gnu17;
				GCC_DYNAMIC_NO_PIC = NO;
				GCC_NO_COMMON_BLOCKS = YES;
				GCC_OPTIMIZATION_LEVEL = 0;
				GCC_PREPROCESSOR_DEFINITIONS = (
					"DEBUG=1",
					"$(inherited)",
				);
				GCC_WARN_64_TO_32_BIT_CONVERSION = YES;
				GCC_WARN_ABOUT_RETURN_TYPE = YES_ERROR;
				GCC_WARN_UNDECLARED_SELECTOR = YES;
				GCC_WARN_UNINITIALIZED_AUTOS = YES_AGGRESSIVE;
				GCC_WARN_UNUSED_FUNCTION = YES;
				GCC_WARN_UNUSED_VARIABLE = YES;
				IPHONEOS_DEPLOYMENT_TARGET = 16.6;
				LOCALIZATION_PREFERS_STRING_CATALOGS = YES;
				MTL_ENABLE_DEBUG_INFO = INCLUDE_SOURCE;
				MTL_FAST_MATH = YES;
				ONLY_ACTIVE_ARCH = YES;
				SDKROOT = iphoneos;
				SWIFT_ACTIVE_COMPILATION_CONDITIONS = "DEBUG $(inherited)";
				SWIFT_OPTIMIZATION_LEVEL = "-Onone";
			};
			name = Debug;
		};
		D8C4C2142D345CE90093AB00 /* Release */ = {
			isa = XCBuildConfiguration;
			buildSettings = {
				ALWAYS_SEARCH_USER_PATHS = NO;
				ASSETCATALOG_COMPILER_GENERATE_SWIFT_ASSET_SYMBOL_EXTENSIONS = YES;
				CLANG_ANALYZER_NONNULL = YES;
				CLANG_ANALYZER_NUMBER_OBJECT_CONVERSION = YES_AGGRESSIVE;
				CLANG_CXX_LANGUAGE_STANDARD = "gnu++20";
				CLANG_ENABLE_MODULES = YES;
				CLANG_ENABLE_OBJC_ARC = YES;
				CLANG_ENABLE_OBJC_WEAK = YES;
				CLANG_WARN_BLOCK_CAPTURE_AUTORELEASING = YES;
				CLANG_WARN_BOOL_CONVERSION = YES;
				CLANG_WARN_COMMA = YES;
				CLANG_WARN_CONSTANT_CONVERSION = YES;
				CLANG_WARN_DEPRECATED_OBJC_IMPLEMENTATIONS = YES;
				CLANG_WARN_DIRECT_OBJC_ISA_USAGE = YES_ERROR;
				CLANG_WARN_DOCUMENTATION_COMMENTS = YES;
				CLANG_WARN_EMPTY_BODY = YES;
				CLANG_WARN_ENUM_CONVERSION = YES;
				CLANG_WARN_INFINITE_RECURSION = YES;
				CLANG_WARN_INT_CONVERSION = YES;
				CLANG_WARN_NON_LITERAL_NULL_CONVERSION = YES;
				CLANG_WARN_OBJC_IMPLICIT_RETAIN_SELF = YES;
				CLANG_WARN_OBJC_LITERAL_CONVERSION = YES;
				CLANG_WARN_OBJC_ROOT_CLASS = YES_ERROR;
				CLANG_WARN_QUOTED_INCLUDE_IN_FRAMEWORK_HEADER = YES;
				CLANG_WARN_RANGE_LOOP_ANALYSIS = YES;
				CLANG_WARN_STRICT_PROTOTYPES = YES;
				CLANG_WARN_SUSPICIOUS_MOVE = YES;
				CLANG_WARN_UNGUARDED_AVAILABILITY = YES_AGGRESSIVE;
				CLANG_WARN_UNREACHABLE_CODE = YES;
				CLANG_WARN__DUPLICATE_METHOD_MATCH = YES;
				COPY_PHASE_STRIP = NO;
				DEBUG_INFORMATION_FORMAT = "dwarf-with-dsym";
				ENABLE_NS_ASSERTIONS = NO;
				ENABLE_STRICT_OBJC_MSGSEND = YES;
				ENABLE_USER_SCRIPT_SANDBOXING = YES;
				GCC_C_LANGUAGE_STANDARD = gnu17;
				GCC_NO_COMMON_BLOCKS = YES;
				GCC_WARN_64_TO_32_BIT_CONVERSION = YES;
				GCC_WARN_ABOUT_RETURN_TYPE = YES_ERROR;
				GCC_WARN_UNDECLARED_SELECTOR = YES;
				GCC_WARN_UNINITIALIZED_AUTOS = YES_AGGRESSIVE;
				GCC_WARN_UNUSED_FUNCTION = YES;
				GCC_WARN_UNUSED_VARIABLE = YES;
				IPHONEOS_DEPLOYMENT_TARGET = 16.6;
				LOCALIZATION_PREFERS_STRING_CATALOGS = YES;
				MTL_ENABLE_DEBUG_INFO = NO;
				MTL_FAST_MATH = YES;
				SDKROOT = iphoneos;
				SWIFT_COMPILATION_MODE = wholemodule;
				VALIDATE_PRODUCT = YES;
			};
			name = Release;
		};
		D8C4C2162D345CE90093AB00 /* Debug */ = {
			isa = XCBuildConfiguration;
			buildSettings = {
				ASSETCATALOG_COMPILER_APPICON_NAME = AppIcon;
				ASSETCATALOG_COMPILER_GLOBAL_ACCENT_COLOR_NAME = AccentColor;
				CODE_SIGN_STYLE = Automatic;
				CURRENT_PROJECT_VERSION = 1;
				DEVELOPMENT_ASSET_PATHS = "\"Facett/Preview Content\"";
				DEVELOPMENT_TEAM = "";
				ENABLE_PREVIEWS = YES;
				GENERATE_INFOPLIST_FILE = YES;
				INFOPLIST_FILE = Facett/Info.plist;
				INFOPLIST_KEY_LSApplicationCategoryType = "public.app-category.photography";
				INFOPLIST_KEY_NSBluetoothAlwaysUsageDescription = "Bluetooth is used to discover and connect to your GoPro cameras for remote control and settings management.";
				INFOPLIST_KEY_NSBluetoothPeripheralUsageDescription = "Bluetooth is used to discover and connect to your GoPro cameras for remote control and settings management.";
				INFOPLIST_KEY_NSMicrophoneUsageDescription = "Voice control allows you to start and stop recording by saying \"start\" or \"stop\".";
				INFOPLIST_KEY_NSSpeechRecognitionUsageDescription = "Speech recognition enables voice commands to control your GoPro cameras.";
				INFOPLIST_KEY_UIApplicationSceneManifest_Generation = YES;
				INFOPLIST_KEY_UIApplicationSupportsIndirectInputEvents = YES;
				INFOPLIST_KEY_UILaunchScreen_Generation = YES;
				INFOPLIST_KEY_ITSAppUsesNonExemptEncryption = NO;
				INFOPLIST_KEY_UISupportedInterfaceOrientations = UIInterfaceOrientationPortrait;
				INFOPLIST_KEY_UISupportedInterfaceOrientations_iPad = UIInterfaceOrientationPortrait;
				IPHONEOS_DEPLOYMENT_TARGET = 16.6;
				LD_RUNPATH_SEARCH_PATHS = (
					"$(inherited)",
					"@executable_path/Frameworks",
				);
				MARKETING_VERSION = 1.0;
				PRODUCT_BUNDLE_IDENTIFIER = com.kmatzen.facett;
				PRODUCT_NAME = "$(TARGET_NAME)";
				SUPPORTED_PLATFORMS = "iphoneos iphonesimulator";
				SUPPORTS_MACCATALYST = NO;
				SWIFT_EMIT_LOC_STRINGS = YES;
				SWIFT_VERSION = 5.0;
				TARGETED_DEVICE_FAMILY = "1,2";
			};
			name = Debug;
		};
		D8C4C2172D345CE90093AB00 /* Release */ = {
			isa = XCBuildConfiguration;
			buildSettings = {
				ASSETCATALOG_COMPILER_APPICON_NAME = AppIcon;
				ASSETCATALOG_COMPILER_GLOBAL_ACCENT_COLOR_NAME = AccentColor;
				CODE_SIGN_STYLE = Automatic;
				CURRENT_PROJECT_VERSION = 1;
				DEVELOPMENT_ASSET_PATHS = "\"Facett/Preview Content\"";
				DEVELOPMENT_TEAM = "";
				ENABLE_PREVIEWS = YES;
				GENERATE_INFOPLIST_FILE = YES;
				INFOPLIST_FILE = Facett/Info.plist;
				INFOPLIST_KEY_LSApplicationCategoryType = "public.app-category.photography";
				INFOPLIST_KEY_NSBluetoothAlwaysUsageDescription = "Bluetooth is used to discover and connect to your GoPro cameras for remote control and settings management.";
				INFOPLIST_KEY_NSBluetoothPeripheralUsageDescription = "Bluetooth is used to discover and connect to your GoPro cameras for remote control and settings management.";
				INFOPLIST_KEY_NSMicrophoneUsageDescription = "Voice control allows you to start and stop recording by saying \"start\" or \"stop\".";
				INFOPLIST_KEY_NSSpeechRecognitionUsageDescription = "Speech recognition enables voice commands to control your GoPro cameras.";
				INFOPLIST_KEY_ITSAppUsesNonExemptEncryption = NO;
				INFOPLIST_KEY_UIApplicationSceneManifest_Generation = YES;
				INFOPLIST_KEY_UIApplicationSupportsIndirectInputEvents = YES;
				INFOPLIST_KEY_UILaunchScreen_Generation = YES;
				INFOPLIST_KEY_UISupportedInterfaceOrientations = UIInterfaceOrientationPortrait;
				INFOPLIST_KEY_UISupportedInterfaceOrientations_iPad = UIInterfaceOrientationPortrait;
				IPHONEOS_DEPLOYMENT_TARGET = 16.6;
				LD_RUNPATH_SEARCH_PATHS = (
					"$(inherited)",
					"@executable_path/Frameworks",
				);
				MARKETING_VERSION = 1.0;
				PRODUCT_BUNDLE_IDENTIFIER = com.kmatzen.facett;
				PRODUCT_NAME = "$(TARGET_NAME)";
				SUPPORTED_PLATFORMS = "iphoneos iphonesimulator";
				SUPPORTS_MACCATALYST = NO;
				SWIFT_EMIT_LOC_STRINGS = YES;
				SWIFT_VERSION = 5.0;
				TARGETED_DEVICE_FAMILY = "1,2";
			};
			name = Release;
		};
		D8C4C2192D345CE90093AB00 /* Debug */ = {
			isa = XCBuildConfiguration;
			buildSettings = {
				BUNDLE_LOADER = "$(TEST_HOST)";
				CODE_SIGN_STYLE = Automatic;
				CURRENT_PROJECT_VERSION = 1;
				DEVELOPMENT_TEAM = "";
				GENERATE_INFOPLIST_FILE = YES;
				IPHONEOS_DEPLOYMENT_TARGET = 16.6;
				MARKETING_VERSION = 1.0;
				PRODUCT_BUNDLE_IDENTIFIER = com.kmatzen.FacettTests;
				PRODUCT_NAME = "$(TARGET_NAME)";
				SWIFT_EMIT_LOC_STRINGS = NO;
				SWIFT_VERSION = 5.0;
				TARGETED_DEVICE_FAMILY = "1,2";
				TEST_HOST = "$(BUILT_PRODUCTS_DIR)/Facett.app/$(BUNDLE_EXECUTABLE_FOLDER_PATH)/Facett";
			};
			name = Debug;
		};
		D8C4C21A2D345CE90093AB00 /* Release */ = {
			isa = XCBuildConfiguration;
			buildSettings = {
				BUNDLE_LOADER = "$(TEST_HOST)";
				CODE_SIGN_STYLE = Automatic;
				CURRENT_PROJECT_VERSION = 1;
				DEVELOPMENT_TEAM = "";
				GENERATE_INFOPLIST_FILE = YES;
				IPHONEOS_DEPLOYMENT_TARGET = 16.6;
				MARKETING_VERSION = 1.0;
				PRODUCT_BUNDLE_IDENTIFIER = com.kmatzen.FacettTests;
				PRODUCT_NAME = "$(TARGET_NAME)";
				SWIFT_EMIT_LOC_STRINGS = NO;
				SWIFT_VERSION = 5.0;
				TARGETED_DEVICE_FAMILY = "1,2";
				TEST_HOST = "$(BUILT_PRODUCTS_DIR)/Facett.app/$(BUNDLE_EXECUTABLE_FOLDER_PATH)/Facett";
			};
			name = Release;
		};
		D8C4C21C2D345CE90093AB00 /* Debug */ = {
			isa = XCBuildConfiguration;
			buildSettings = {
				CODE_SIGN_STYLE = Automatic;
				CURRENT_PROJECT_VERSION = 1;
				DEVELOPMENT_TEAM = "";
				GENERATE_INFOPLIST_FILE = YES;
				MARKETING_VERSION = 1.0;
				PRODUCT_BUNDLE_IDENTIFIER = com.kmatzen.FacettUITests;
				PRODUCT_NAME = "$(TARGET_NAME)";
				SWIFT_EMIT_LOC_STRINGS = NO;
				SWIFT_VERSION = 5.0;
				TARGETED_DEVICE_FAMILY = "1,2";
				TEST_TARGET_NAME = Facett;
			};
			name = Debug;
		};
		D8C4C21D2D345CE90093AB00 /* Release */ = {
			isa = XCBuildConfiguration;
			buildSettings = {
				CODE_SIGN_STYLE = Automatic;
				CURRENT_PROJECT_VERSION = 1;
				DEVELOPMENT_TEAM = "";
				GENERATE_INFOPLIST_FILE = YES;
				MARKETING_VERSION = 1.0;
				PRODUCT_BUNDLE_IDENTIFIER = com.kmatzen.FacettUITests;
				PRODUCT_NAME = "$(TARGET_NAME)";
				SWIFT_EMIT_LOC_STRINGS = NO;
				SWIFT_VERSION = 5.0;
				TARGETED_DEVICE_FAMILY = "1,2";
				TEST_TARGET_NAME = Facett;
			};
			name = Release;
		};
/* End XCBuildConfiguration section */

/* Begin XCConfigurationList section */
		D8C4C1EC2D345CE50093AB00 /* Build configuration list for PBXProject "Facett" */ = {
			isa = XCConfigurationList;
			buildConfigurations = (
				D8C4C2132D345CE90093AB00 /* Debug */,
				D8C4C2142D345CE90093AB00 /* Release */,
			);
			defaultConfigurationIsVisible = 0;
			defaultConfigurationName = Release;
		};
		D8C4C2152D345CE90093AB00 /* Build configuration list for PBXNativeTarget "Facett" */ = {
			isa = XCConfigurationList;
			buildConfigurations = (
				D8C4C2162D345CE90093AB00 /* Debug */,
				D8C4C2172D345CE90093AB00 /* Release */,
			);
			defaultConfigurationIsVisible = 0;
			defaultConfigurationName = Release;
		};
		D8C4C2182D345CE90093AB00 /* Build configuration list for PBXNativeTarget "FacettTests" */ = {
			isa = XCConfigurationList;
			buildConfigurations = (
				D8C4C2192D345CE90093AB00 /* Debug */,
				D8C4C21A2D345CE90093AB00 /* Release */,
			);
			defaultConfigurationIsVisible = 0;
			defaultConfigurationName = Release;
		};
		D8C4C21B2D345CE90093AB00 /* Build configuration list for PBXNativeTarget "FacettUITests" */ = {
			isa = XCConfigurationList;
			buildConfigurations = (
				D8C4C21C2D345CE90093AB00 /* Debug */,
				D8C4C21D2D345CE90093AB00 /* Release */,
			);
			defaultConfigurationIsVisible = 0;
			defaultConfigurationName = Release;
		};
/* End XCConfigurationList section */

/* Begin XCRemoteSwiftPackageReference section */
/* End XCRemoteSwiftPackageReference section */

/* Begin XCSwiftPackageProductDependency section */
/* End XCSwiftPackageProductDependency section */
	};
	rootObject = D8C4C1E92D345CE50093AB00 /* Project object */;
}
